# Generated by conda-lock.
# platform: win-64
# input_hash: f9340e022d65a95a340900a2308858a57225560f84a412453f80067f2730b7cb
@EXPLICIT
https://conda.anaconda.org/conda-forge/win-64/ca-certificates-2022.9.24-h5b45459_0.tar.bz2#5fba0abc60bf327a4bc4188cd64678be
https://conda.anaconda.org/conda-forge/noarch/tzdata-2022d-h191b570_0.tar.bz2#456b5b1d99e7a9654b331bcd82e71042
https://conda.anaconda.org/conda-forge/win-64/ucrt-10.0.20348.0-h57928b3_0.tar.bz2#6d666b6ea8251231ff508062d1e41f9c
https://conda.anaconda.org/conda-forge/win-64/vs2015_runtime-14.29.30139-h890b9b1_7.tar.bz2#fa1c74e99660f26265535fefee8e0e42
https://conda.anaconda.org/conda-forge/win-64/vc-14.2-hb210afc_7.tar.bz2#079ed576a6c8f0c9b0bbaca0b786daa3
https://conda.anaconda.org/conda-forge/win-64/bzip2-1.0.8-h8ffe710_4.tar.bz2#7c03c66026944073040cb19a4f3ec3c9
https://conda.anaconda.org/conda-forge/win-64/libffi-3.4.2-h8ffe710_5.tar.bz2#2c96d1b6915b408893f9472569dee135
https://conda.anaconda.org/conda-forge/win-64/libsqlite-3.39.3-hcfcfb64_0.tar.bz2#b545e6653353294527707aff9e456cf2
https://conda.anaconda.org/conda-forge/win-64/libzlib-1.2.12-hcfcfb64_3.tar.bz2#8c64696cba59093d5c330c017979ec98
https://conda.anaconda.org/conda-forge/win-64/openssl-3.0.5-hcfcfb64_2.tar.bz2#24aa3e21e456372c88ac443bf6c77859
https://conda.anaconda.org/conda-forge/win-64/tk-8.6.12-h8ffe710_0.tar.bz2#c69a5047cc9291ae40afd4a1ad6f0c0f
https://conda.anaconda.org/conda-forge/win-64/xz-5.2.6-h8d14728_0.tar.bz2#515d77642eaa3639413c6b1bc3f94219
https://conda.anaconda.org/conda-forge/win-64/python-3.10.6-hcf16a7b_0_cpython.tar.bz2#fd37ee80fffd9209ce2d2c869920f16e
https://conda.anaconda.org/conda-forge/noarch/setuptools-65.4.0-pyhd8ed1ab_0.tar.bz2#1fd586687cb05aac5655143c104df8f6
https://conda.anaconda.org/conda-forge/noarch/wheel-0.37.1-pyhd8ed1ab_0.tar.bz2#1ca02aaf78d9c70d9a81a3bed5752022
https://conda.anaconda.org/conda-forge/noarch/pip-22.2.2-pyhd8ed1ab_0.tar.bz2#0b43abe4d3ee93e82742d37def53a836
